// !$*UTF8*$!
{
	archiveVersion = 1;
	classes = {
	};
	objectVersion = 46;
	objects = {

/* Begin PBXBuildFile section */
		53AEBE1C1E948A2500280F70 /* main.m in Sources */ = {isa = PBXBuildFile; fileRef = 53AEBE1B1E948A2500280F70 /* main.m */; };
		53AEBE1F1E948A2500280F70 /* AppDelegate.m in Sources */ = {isa = PBXBuildFile; fileRef = 53AEBE1E1E948A2500280F70 /* AppDelegate.m */; };
		53AEBE221E948A2500280F70 /* ViewController.m in Sources */ = {isa = PBXBuildFile; fileRef = 53AEBE211E948A2500280F70 /* ViewController.m */; };
		53AEBE251E948A2500280F70 /* Main.storyboard in Resources */ = {isa = PBXBuildFile; fileRef = 53AEBE231E948A2500280F70 /* Main.storyboard */; };
		53AEBE271E948A2500280F70 /* Assets.xcassets in Resources */ = {isa = PBXBuildFile; fileRef = 53AEBE261E948A2500280F70 /* Assets.xcassets */; };
		53AEBE2A1E948A2500280F70 /* LaunchScreen.storyboard in Resources */ = {isa = PBXBuildFile; fileRef = 53AEBE281E948A2500280F70 /* LaunchScreen.storyboard */; };
		53AEBE371E948D6500280F70 /* NSString+Extend.m in Sources */ = {isa = PBXBuildFile; fileRef = 53AEBE341E948D6500280F70 /* NSString+Extend.m */; };
		53AEBE381E948D6500280F70 /* UIColor+WJColor.m in Sources */ = {isa = PBXBuildFile; fileRef = 53AEBE361E948D6500280F70 /* UIColor+WJColor.m */; };
		53AEBE451E94910700280F70 /* MLMSegmentHead.m in Sources */ = {isa = PBXBuildFile; fileRef = 53AEBE3B1E94910700280F70 /* MLMSegmentHead.m */; };
		53AEBE461E94910700280F70 /* MLMSegmentManager.m in Sources */ = {isa = PBXBuildFile; fileRef = 53AEBE3D1E94910700280F70 /* MLMSegmentManager.m */; };
		53AEBE471E94910700280F70 /* MLMSegmentScroll.m in Sources */ = {isa = PBXBuildFile; fileRef = 53AEBE3F1E94910700280F70 /* MLMSegmentScroll.m */; };
		53AEBE481E94910700280F70 /* UIView+EasyFrame.m in Sources */ = {isa = PBXBuildFile; fileRef = 53AEBE421E94910700280F70 /* UIView+EasyFrame.m */; };
		53AEBE491E94910700280F70 /* UIView+ViewController.m in Sources */ = {isa = PBXBuildFile; fileRef = 53AEBE441E94910700280F70 /* UIView+ViewController.m */; };
		53AEBE521E9496FF00280F70 /* homeViewController.m in Sources */ = {isa = PBXBuildFile; fileRef = 53AEBE511E9496FF00280F70 /* homeViewController.m */; };
		53AEBE551E94C9FF00280F70 /* LGSegment.m in Sources */ = {isa = PBXBuildFile; fileRef = 53AEBE541E94C9FF00280F70 /* LGSegment.m */; };
		53AEBE5C1E94CDBD00280F70 /* infoViewController.m in Sources */ = {isa = PBXBuildFile; fileRef = 53AEBE5B1E94CDBD00280F70 /* infoViewController.m */; };
		53AEBE671E94D8A100280F70 /* newViewController.m in Sources */ = {isa = PBXBuildFile; fileRef = 53AEBE661E94D8A100280F70 /* newViewController.m */; };
		53AEBE6A1E94D96A00280F70 /* hotViewController.m in Sources */ = {isa = PBXBuildFile; fileRef = 53AEBE691E94D96A00280F70 /* hotViewController.m */; };
		53AEBE6F1E94F80400280F70 /* loginViewController.m in Sources */ = {isa = PBXBuildFile; fileRef = 53AEBE6E1E94F80400280F70 /* loginViewController.m */; };
		95F412879000247E7AD6332D /* libPods-Supercomments.a in Frameworks */ = {isa = PBXBuildFile; fileRef = 786A0F9C77F8BEA8D1747BFF /* libPods-Supercomments.a */; };
/* End PBXBuildFile section */

/* Begin PBXFileReference section */
		199683D136C99C557085109D /* Pods-Supercomments.debug.xcconfig */ = {isa = PBXFileReference; includeInIndex = 1; lastKnownFileType = text.xcconfig; name = "Pods-Supercomments.debug.xcconfig"; path = "Pods/Target Support Files/Pods-Supercomments/Pods-Supercomments.debug.xcconfig"; sourceTree = "<group>"; };
		53AEBE171E948A2500280F70 /* Supercomments.app */ = {isa = PBXFileReference; explicitFileType = wrapper.application; includeInIndex = 0; path = Supercomments.app; sourceTree = BUILT_PRODUCTS_DIR; };
		53AEBE1B1E948A2500280F70 /* main.m */ = {isa = PBXFileReference; lastKnownFileType = sourcecode.c.objc; path = main.m; sourceTree = "<group>"; };
		53AEBE1D1E948A2500280F70 /* AppDelegate.h */ = {isa = PBXFileReference; lastKnownFileType = sourcecode.c.h; path = AppDelegate.h; sourceTree = "<group>"; };
		53AEBE1E1E948A2500280F70 /* AppDelegate.m */ = {isa = PBXFileReference; lastKnownFileType = sourcecode.c.objc; path = AppDelegate.m; sourceTree = "<group>"; };
		53AEBE201E948A2500280F70 /* ViewController.h */ = {isa = PBXFileReference; lastKnownFileType = sourcecode.c.h; path = ViewController.h; sourceTree = "<group>"; };
		53AEBE211E948A2500280F70 /* ViewController.m */ = {isa = PBXFileReference; lastKnownFileType = sourcecode.c.objc; path = ViewController.m; sourceTree = "<group>"; };
		53AEBE241E948A2500280F70 /* Base */ = {isa = PBXFileReference; lastKnownFileType = file.storyboard; name = Base; path = Base.lproj/Main.storyboard; sourceTree = "<group>"; };
		53AEBE261E948A2500280F70 /* Assets.xcassets */ = {isa = PBXFileReference; lastKnownFileType = folder.assetcatalog; path = Assets.xcassets; sourceTree = "<group>"; };
		53AEBE291E948A2500280F70 /* Base */ = {isa = PBXFileReference; lastKnownFileType = file.storyboard; name = Base; path = Base.lproj/LaunchScreen.storyboard; sourceTree = "<group>"; };
		53AEBE2B1E948A2500280F70 /* Info.plist */ = {isa = PBXFileReference; lastKnownFileType = text.plist.xml; path = Info.plist; sourceTree = "<group>"; };
		53AEBE311E948ADC00280F70 /* PrefixHeader.pch */ = {isa = PBXFileReference; lastKnownFileType = sourcecode.c.h; path = PrefixHeader.pch; sourceTree = "<group>"; };
		53AEBE331E948D6500280F70 /* NSString+Extend.h */ = {isa = PBXFileReference; fileEncoding = 4; lastKnownFileType = sourcecode.c.h; path = "NSString+Extend.h"; sourceTree = "<group>"; };
		53AEBE341E948D6500280F70 /* NSString+Extend.m */ = {isa = PBXFileReference; fileEncoding = 4; lastKnownFileType = sourcecode.c.objc; path = "NSString+Extend.m"; sourceTree = "<group>"; };
		53AEBE351E948D6500280F70 /* UIColor+WJColor.h */ = {isa = PBXFileReference; fileEncoding = 4; lastKnownFileType = sourcecode.c.h; path = "UIColor+WJColor.h"; sourceTree = "<group>"; };
		53AEBE361E948D6500280F70 /* UIColor+WJColor.m */ = {isa = PBXFileReference; fileEncoding = 4; lastKnownFileType = sourcecode.c.objc; path = "UIColor+WJColor.m"; sourceTree = "<group>"; };
		53AEBE3A1E94910700280F70 /* MLMSegmentHead.h */ = {isa = PBXFileReference; fileEncoding = 4; lastKnownFileType = sourcecode.c.h; path = MLMSegmentHead.h; sourceTree = "<group>"; };
		53AEBE3B1E94910700280F70 /* MLMSegmentHead.m */ = {isa = PBXFileReference; fileEncoding = 4; lastKnownFileType = sourcecode.c.objc; path = MLMSegmentHead.m; sourceTree = "<group>"; };
		53AEBE3C1E94910700280F70 /* MLMSegmentManager.h */ = {isa = PBXFileReference; fileEncoding = 4; lastKnownFileType = sourcecode.c.h; path = MLMSegmentManager.h; sourceTree = "<group>"; };
		53AEBE3D1E94910700280F70 /* MLMSegmentManager.m */ = {isa = PBXFileReference; fileEncoding = 4; lastKnownFileType = sourcecode.c.objc; path = MLMSegmentManager.m; sourceTree = "<group>"; };
		53AEBE3E1E94910700280F70 /* MLMSegmentScroll.h */ = {isa = PBXFileReference; fileEncoding = 4; lastKnownFileType = sourcecode.c.h; path = MLMSegmentScroll.h; sourceTree = "<group>"; };
		53AEBE3F1E94910700280F70 /* MLMSegmentScroll.m */ = {isa = PBXFileReference; fileEncoding = 4; lastKnownFileType = sourcecode.c.objc; path = MLMSegmentScroll.m; sourceTree = "<group>"; };
		53AEBE401E94910700280F70 /* SegmentPageHead.h */ = {isa = PBXFileReference; fileEncoding = 4; lastKnownFileType = sourcecode.c.h; path = SegmentPageHead.h; sourceTree = "<group>"; };
		53AEBE411E94910700280F70 /* UIView+EasyFrame.h */ = {isa = PBXFileReference; fileEncoding = 4; lastKnownFileType = sourcecode.c.h; path = "UIView+EasyFrame.h"; sourceTree = "<group>"; };
		53AEBE421E94910700280F70 /* UIView+EasyFrame.m */ = {isa = PBXFileReference; fileEncoding = 4; lastKnownFileType = sourcecode.c.objc; path = "UIView+EasyFrame.m"; sourceTree = "<group>"; };
		53AEBE431E94910700280F70 /* UIView+ViewController.h */ = {isa = PBXFileReference; fileEncoding = 4; lastKnownFileType = sourcecode.c.h; path = "UIView+ViewController.h"; sourceTree = "<group>"; };
		53AEBE441E94910700280F70 /* UIView+ViewController.m */ = {isa = PBXFileReference; fileEncoding = 4; lastKnownFileType = sourcecode.c.objc; path = "UIView+ViewController.m"; sourceTree = "<group>"; };
		53AEBE501E9496FF00280F70 /* homeViewController.h */ = {isa = PBXFileReference; fileEncoding = 4; lastKnownFileType = sourcecode.c.h; path = homeViewController.h; sourceTree = "<group>"; };
		53AEBE511E9496FF00280F70 /* homeViewController.m */ = {isa = PBXFileReference; fileEncoding = 4; lastKnownFileType = sourcecode.c.objc; path = homeViewController.m; sourceTree = "<group>"; };
		53AEBE531E94C9FF00280F70 /* LGSegment.h */ = {isa = PBXFileReference; fileEncoding = 4; lastKnownFileType = sourcecode.c.h; path = LGSegment.h; sourceTree = "<group>"; };
		53AEBE541E94C9FF00280F70 /* LGSegment.m */ = {isa = PBXFileReference; fileEncoding = 4; lastKnownFileType = sourcecode.c.objc; path = LGSegment.m; sourceTree = "<group>"; };
		53AEBE5A1E94CDBD00280F70 /* infoViewController.h */ = {isa = PBXFileReference; fileEncoding = 4; lastKnownFileType = sourcecode.c.h; path = infoViewController.h; sourceTree = "<group>"; };
		53AEBE5B1E94CDBD00280F70 /* infoViewController.m */ = {isa = PBXFileReference; fileEncoding = 4; lastKnownFileType = sourcecode.c.objc; path = infoViewController.m; sourceTree = "<group>"; };
		53AEBE651E94D8A100280F70 /* newViewController.h */ = {isa = PBXFileReference; fileEncoding = 4; lastKnownFileType = sourcecode.c.h; path = newViewController.h; sourceTree = "<group>"; };
		53AEBE661E94D8A100280F70 /* newViewController.m */ = {isa = PBXFileReference; fileEncoding = 4; lastKnownFileType = sourcecode.c.objc; path = newViewController.m; sourceTree = "<group>"; };
		53AEBE681E94D96A00280F70 /* hotViewController.h */ = {isa = PBXFileReference; fileEncoding = 4; lastKnownFileType = sourcecode.c.h; path = hotViewController.h; sourceTree = "<group>"; };
		53AEBE691E94D96A00280F70 /* hotViewController.m */ = {isa = PBXFileReference; fileEncoding = 4; lastKnownFileType = sourcecode.c.objc; path = hotViewController.m; sourceTree = "<group>"; };
		53AEBE6D1E94F80400280F70 /* loginViewController.h */ = {isa = PBXFileReference; fileEncoding = 4; lastKnownFileType = sourcecode.c.h; path = loginViewController.h; sourceTree = "<group>"; };
		53AEBE6E1E94F80400280F70 /* loginViewController.m */ = {isa = PBXFileReference; fileEncoding = 4; lastKnownFileType = sourcecode.c.objc; path = loginViewController.m; sourceTree = "<group>"; };
		786A0F9C77F8BEA8D1747BFF /* libPods-Supercomments.a */ = {isa = PBXFileReference; explicitFileType = archive.ar; includeInIndex = 0; path = "libPods-Supercomments.a"; sourceTree = BUILT_PRODUCTS_DIR; };
		D994A0AB886A394927602D3A /* Pods-Supercomments.release.xcconfig */ = {isa = PBXFileReference; includeInIndex = 1; lastKnownFileType = text.xcconfig; name = "Pods-Supercomments.release.xcconfig"; path = "Pods/Target Support Files/Pods-Supercomments/Pods-Supercomments.release.xcconfig"; sourceTree = "<group>"; };
/* End PBXFileReference section */

/* Begin PBXFrameworksBuildPhase section */
		53AEBE141E948A2500280F70 /* Frameworks */ = {
			isa = PBXFrameworksBuildPhase;
			buildActionMask = 2147483647;
			files = (
				95F412879000247E7AD6332D /* libPods-Supercomments.a in Frameworks */,
			);
			runOnlyForDeploymentPostprocessing = 0;
		};
/* End PBXFrameworksBuildPhase section */

/* Begin PBXGroup section */
		53AEBE0E1E948A2500280F70 = {
			isa = PBXGroup;
			children = (
				53AEBE191E948A2500280F70 /* Supercomments */,
				53AEBE181E948A2500280F70 /* Products */,
				9721CF6373A11BC2885DE581 /* Pods */,
				EE0E1550650457102FEF271F /* Frameworks */,
			);
			sourceTree = "<group>";
		};
		53AEBE181E948A2500280F70 /* Products */ = {
			isa = PBXGroup;
			children = (
				53AEBE171E948A2500280F70 /* Supercomments.app */,
			);
			name = Products;
			sourceTree = "<group>";
		};
		53AEBE191E948A2500280F70 /* Supercomments */ = {
			isa = PBXGroup;
			children = (
				53AEBE4B1E9496A700280F70 /* home首页 */,
				53AEBE5D1E94D1F300280F70 /* 最新 */,
				53AEBE5E1E94D68500280F70 /* 最热 */,
				53AEBE561E94CD5900280F70 /* info个人 */,
				53AEBE6B1E94F7F000280F70 /* 登录 */,
				53AEBE4A1E94969C00280F70 /* 其他 */,
				53AEBE1A1E948A2500280F70 /* Supporting Files */,
			);
			path = Supercomments;
			sourceTree = "<group>";
		};
		53AEBE1A1E948A2500280F70 /* Supporting Files */ = {
			isa = PBXGroup;
			children = (
				53AEBE321E948D6500280F70 /* class */,
				53AEBE1B1E948A2500280F70 /* main.m */,
				53AEBE311E948ADC00280F70 /* PrefixHeader.pch */,
			);
			name = "Supporting Files";
			sourceTree = "<group>";
		};
		53AEBE321E948D6500280F70 /* class */ = {
			isa = PBXGroup;
			children = (
				53AEBE391E94910700280F70 /* MLMSegmentPageView */,
				53AEBE331E948D6500280F70 /* NSString+Extend.h */,
				53AEBE341E948D6500280F70 /* NSString+Extend.m */,
				53AEBE351E948D6500280F70 /* UIColor+WJColor.h */,
				53AEBE361E948D6500280F70 /* UIColor+WJColor.m */,
			);
			path = class;
			sourceTree = "<group>";
		};
		53AEBE391E94910700280F70 /* MLMSegmentPageView */ = {
			isa = PBXGroup;
			children = (
				53AEBE3A1E94910700280F70 /* MLMSegmentHead.h */,
				53AEBE3B1E94910700280F70 /* MLMSegmentHead.m */,
				53AEBE3C1E94910700280F70 /* MLMSegmentManager.h */,
				53AEBE3D1E94910700280F70 /* MLMSegmentManager.m */,
				53AEBE3E1E94910700280F70 /* MLMSegmentScroll.h */,
				53AEBE3F1E94910700280F70 /* MLMSegmentScroll.m */,
				53AEBE401E94910700280F70 /* SegmentPageHead.h */,
				53AEBE411E94910700280F70 /* UIView+EasyFrame.h */,
				53AEBE421E94910700280F70 /* UIView+EasyFrame.m */,
				53AEBE431E94910700280F70 /* UIView+ViewController.h */,
				53AEBE441E94910700280F70 /* UIView+ViewController.m */,
			);
			path = MLMSegmentPageView;
			sourceTree = "<group>";
		};
		53AEBE4A1E94969C00280F70 /* 其他 */ = {
			isa = PBXGroup;
			children = (
				53AEBE1D1E948A2500280F70 /* AppDelegate.h */,
				53AEBE1E1E948A2500280F70 /* AppDelegate.m */,
				53AEBE201E948A2500280F70 /* ViewController.h */,
				53AEBE211E948A2500280F70 /* ViewController.m */,
				53AEBE231E948A2500280F70 /* Main.storyboard */,
				53AEBE261E948A2500280F70 /* Assets.xcassets */,
				53AEBE281E948A2500280F70 /* LaunchScreen.storyboard */,
				53AEBE2B1E948A2500280F70 /* Info.plist */,
			);
			name = "其他";
			sourceTree = "<group>";
		};
		53AEBE4B1E9496A700280F70 /* home首页 */ = {
			isa = PBXGroup;
			children = (
				53AEBE4F1E9496C100280F70 /* model */,
				53AEBE4E1E9496C000280F70 /* view */,
				53AEBE4D1E9496BE00280F70 /* controller */,
			);
			name = "home首页";
			sourceTree = "<group>";
		};
		53AEBE4D1E9496BE00280F70 /* controller */ = {
			isa = PBXGroup;
			children = (
				53AEBE501E9496FF00280F70 /* homeViewController.h */,
				53AEBE511E9496FF00280F70 /* homeViewController.m */,
			);
			name = controller;
			sourceTree = "<group>";
		};
		53AEBE4E1E9496C000280F70 /* view */ = {
			isa = PBXGroup;
			children = (
				53AEBE531E94C9FF00280F70 /* LGSegment.h */,
				53AEBE541E94C9FF00280F70 /* LGSegment.m */,
			);
			name = view;
			sourceTree = "<group>";
		};
		53AEBE4F1E9496C100280F70 /* model */ = {
			isa = PBXGroup;
			children = (
			);
			name = model;
			sourceTree = "<group>";
		};
		53AEBE561E94CD5900280F70 /* info个人 */ = {
			isa = PBXGroup;
			children = (
				53AEBE591E94CD6F00280F70 /* model */,
				53AEBE581E94CD6E00280F70 /* view */,
				53AEBE571E94CD6D00280F70 /* controller */,
			);
			name = "info个人";
			sourceTree = "<group>";
		};
		53AEBE571E94CD6D00280F70 /* controller */ = {
			isa = PBXGroup;
			children = (
				53AEBE5A1E94CDBD00280F70 /* infoViewController.h */,
				53AEBE5B1E94CDBD00280F70 /* infoViewController.m */,
			);
			name = controller;
			sourceTree = "<group>";
		};
		53AEBE581E94CD6E00280F70 /* view */ = {
			isa = PBXGroup;
			children = (
			);
			name = view;
			sourceTree = "<group>";
		};
		53AEBE591E94CD6F00280F70 /* model */ = {
			isa = PBXGroup;
			children = (
			);
			name = model;
			sourceTree = "<group>";
		};
		53AEBE5D1E94D1F300280F70 /* 最新 */ = {
			isa = PBXGroup;
			children = (
				53AEBE611E94D80F00280F70 /* model */,
				53AEBE601E94D80A00280F70 /* view */,
				53AEBE5F1E94D68D00280F70 /* controller */,
			);
			name = "最新";
			sourceTree = "<group>";
		};
		53AEBE5E1E94D68500280F70 /* 最热 */ = {
			isa = PBXGroup;
			children = (
				53AEBE641E94D88F00280F70 /* model */,
				53AEBE631E94D88E00280F70 /* view */,
				53AEBE621E94D88D00280F70 /* controller */,
			);
			name = "最热";
			sourceTree = "<group>";
		};
		53AEBE5F1E94D68D00280F70 /* controller */ = {
			isa = PBXGroup;
			children = (
				53AEBE651E94D8A100280F70 /* newViewController.h */,
				53AEBE661E94D8A100280F70 /* newViewController.m */,
			);
			name = controller;
			sourceTree = "<group>";
		};
		53AEBE601E94D80A00280F70 /* view */ = {
			isa = PBXGroup;
			children = (
			);
			name = view;
			sourceTree = "<group>";
		};
		53AEBE611E94D80F00280F70 /* model */ = {
			isa = PBXGroup;
			children = (
			);
			name = model;
			sourceTree = "<group>";
		};
		53AEBE621E94D88D00280F70 /* controller */ = {
			isa = PBXGroup;
			children = (
				53AEBE681E94D96A00280F70 /* hotViewController.h */,
				53AEBE691E94D96A00280F70 /* hotViewController.m */,
			);
			name = controller;
			sourceTree = "<group>";
		};
		53AEBE631E94D88E00280F70 /* view */ = {
			isa = PBXGroup;
			children = (
			);
			name = view;
			sourceTree = "<group>";
		};
		53AEBE641E94D88F00280F70 /* model */ = {
			isa = PBXGroup;
			children = (
			);
			name = model;
			sourceTree = "<group>";
		};
		53AEBE6B1E94F7F000280F70 /* 登录 */ = {
			isa = PBXGroup;
			children = (
				53AEBE6C1E94F7F700280F70 /* controller */,
			);
			name = "登录";
			sourceTree = "<group>";
		};
		53AEBE6C1E94F7F700280F70 /* controller */ = {
			isa = PBXGroup;
			children = (
				53AEBE6D1E94F80400280F70 /* loginViewController.h */,
				53AEBE6E1E94F80400280F70 /* loginViewController.m */,
			);
			name = controller;
			sourceTree = "<group>";
		};
		9721CF6373A11BC2885DE581 /* Pods */ = {
			isa = PBXGroup;
			children = (
				199683D136C99C557085109D /* Pods-Supercomments.debug.xcconfig */,
				D994A0AB886A394927602D3A /* Pods-Supercomments.release.xcconfig */,
			);
			name = Pods;
			sourceTree = "<group>";
		};
		EE0E1550650457102FEF271F /* Frameworks */ = {
			isa = PBXGroup;
			children = (
				786A0F9C77F8BEA8D1747BFF /* libPods-Supercomments.a */,
			);
			name = Frameworks;
			sourceTree = "<group>";
		};
/* End PBXGroup section */

/* Begin PBXNativeTarget section */
		53AEBE161E948A2500280F70 /* Supercomments */ = {
			isa = PBXNativeTarget;
			buildConfigurationList = 53AEBE2E1E948A2500280F70 /* Build configuration list for PBXNativeTarget "Supercomments" */;
			buildPhases = (
				0DA2B56F1AC567436BB0C1C4 /* [CP] Check Pods Manifest.lock */,
				53AEBE131E948A2500280F70 /* Sources */,
				53AEBE141E948A2500280F70 /* Frameworks */,
				53AEBE151E948A2500280F70 /* Resources */,
				3EBF5C48209E76BF1144A42F /* [CP] Embed Pods Frameworks */,
				A3E9CB9A04165700E2C912A7 /* [CP] Copy Pods Resources */,
			);
			buildRules = (
			);
			dependencies = (
			);
			name = Supercomments;
			productName = Supercomments;
			productReference = 53AEBE171E948A2500280F70 /* Supercomments.app */;
			productType = "com.apple.product-type.application";
		};
/* End PBXNativeTarget section */

/* Begin PBXProject section */
		53AEBE0F1E948A2500280F70 /* Project object */ = {
			isa = PBXProject;
			attributes = {
				LastUpgradeCheck = 0830;
				ORGANIZATIONNAME = wangjungang;
				TargetAttributes = {
					53AEBE161E948A2500280F70 = {
						CreatedOnToolsVersion = 8.3;
						DevelopmentTeam = 23GQX4X34D;
						ProvisioningStyle = Automatic;
					};
				};
			};
			buildConfigurationList = 53AEBE121E948A2500280F70 /* Build configuration list for PBXProject "Supercomments" */;
			compatibilityVersion = "Xcode 3.2";
			developmentRegion = English;
			hasScannedForEncodings = 0;
			knownRegions = (
				en,
				Base,
			);
			mainGroup = 53AEBE0E1E948A2500280F70;
			productRefGroup = 53AEBE181E948A2500280F70 /* Products */;
			projectDirPath = "";
			projectRoot = "";
			targets = (
				53AEBE161E948A2500280F70 /* Supercomments */,
			);
		};
/* End PBXProject section */

/* Begin PBXResourcesBuildPhase section */
		53AEBE151E948A2500280F70 /* Resources */ = {
			isa = PBXResourcesBuildPhase;
			buildActionMask = 2147483647;
			files = (
				53AEBE2A1E948A2500280F70 /* LaunchScreen.storyboard in Resources */,
				53AEBE271E948A2500280F70 /* Assets.xcassets in Resources */,
				53AEBE251E948A2500280F70 /* Main.storyboard in Resources */,
			);
			runOnlyForDeploymentPostprocessing = 0;
		};
/* End PBXResourcesBuildPhase section */

/* Begin PBXShellScriptBuildPhase section */
		0DA2B56F1AC567436BB0C1C4 /* [CP] Check Pods Manifest.lock */ = {
			isa = PBXShellScriptBuildPhase;
			buildActionMask = 2147483647;
			files = (
			);
			inputPaths = (
			);
			name = "[CP] Check Pods Manifest.lock";
			outputPaths = (
			);
			runOnlyForDeploymentPostprocessing = 0;
			shellPath = /bin/sh;
			shellScript = "diff \"${PODS_ROOT}/../Podfile.lock\" \"${PODS_ROOT}/Manifest.lock\" > /dev/null\nif [ $? != 0 ] ; then\n    # print error to STDERR\n    echo \"error: The sandbox is not in sync with the Podfile.lock. Run 'pod install' or update your CocoaPods installation.\" >&2\n    exit 1\nfi\n";
			showEnvVarsInLog = 0;
		};
		3EBF5C48209E76BF1144A42F /* [CP] Embed Pods Frameworks */ = {
			isa = PBXShellScriptBuildPhase;
			buildActionMask = 2147483647;
			files = (
			);
			inputPaths = (
			);
			name = "[CP] Embed Pods Frameworks";
			outputPaths = (
			);
			runOnlyForDeploymentPostprocessing = 0;
			shellPath = /bin/sh;
			shellScript = "\"${SRCROOT}/Pods/Target Support Files/Pods-Supercomments/Pods-Supercomments-frameworks.sh\"\n";
			showEnvVarsInLog = 0;
		};
		A3E9CB9A04165700E2C912A7 /* [CP] Copy Pods Resources */ = {
			isa = PBXShellScriptBuildPhase;
			buildActionMask = 2147483647;
			files = (
			);
			inputPaths = (
			);
			name = "[CP] Copy Pods Resources";
			outputPaths = (
			);
			runOnlyForDeploymentPostprocessing = 0;
			shellPath = /bin/sh;
			shellScript = "\"${SRCROOT}/Pods/Target Support Files/Pods-Supercomments/Pods-Supercomments-resources.sh\"\n";
			showEnvVarsInLog = 0;
		};
/* End PBXShellScriptBuildPhase section */

/* Begin PBXSourcesBuildPhase section */
		53AEBE131E948A2500280F70 /* Sources */ = {
			isa = PBXSourcesBuildPhase;
			buildActionMask = 2147483647;
			files = (
				53AEBE551E94C9FF00280F70 /* LGSegment.m in Sources */,
				53AEBE521E9496FF00280F70 /* homeViewController.m in Sources */,
				53AEBE221E948A2500280F70 /* ViewController.m in Sources */,
				53AEBE5C1E94CDBD00280F70 /* infoViewController.m in Sources */,
				53AEBE1F1E948A2500280F70 /* AppDelegate.m in Sources */,
				53AEBE671E94D8A100280F70 /* newViewController.m in Sources */,
				53AEBE461E94910700280F70 /* MLMSegmentManager.m in Sources */,
				53AEBE6A1E94D96A00280F70 /* hotViewController.m in Sources */,
				53AEBE6F1E94F80400280F70 /* loginViewController.m in Sources */,
				53AEBE491E94910700280F70 /* UIView+ViewController.m in Sources */,
				53AEBE451E94910700280F70 /* MLMSegmentHead.m in Sources */,
				53AEBE381E948D6500280F70 /* UIColor+WJColor.m in Sources */,
				53AEBE471E94910700280F70 /* MLMSegmentScroll.m in Sources */,
				53AEBE481E94910700280F70 /* UIView+EasyFrame.m in Sources */,
				53AEBE1C1E948A2500280F70 /* main.m in Sources */,
				53AEBE371E948D6500280F70 /* NSString+Extend.m in Sources */,
			);
			runOnlyForDeploymentPostprocessing = 0;
		};
/* End PBXSourcesBuildPhase section */

/* Begin PBXVariantGroup section */
		53AEBE231E948A2500280F70 /* Main.storyboard */ = {
			isa = PBXVariantGroup;
			children = (
				53AEBE241E948A2500280F70 /* Base */,
			);
			name = Main.storyboard;
			sourceTree = "<group>";
		};
		53AEBE281E948A2500280F70 /* LaunchScreen.storyboard */ = {
			isa = PBXVariantGroup;
			children = (
				53AEBE291E948A2500280F70 /* Base */,
			);
			name = LaunchScreen.storyboard;
			sourceTree = "<group>";
		};
/* End PBXVariantGroup section */

/* Begin XCBuildConfiguration section */
		53AEBE2C1E948A2500280F70 /* Debug */ = {
			isa = XCBuildConfiguration;
			buildSettings = {
				ALWAYS_SEARCH_USER_PATHS = NO;
				CLANG_ANALYZER_NONNULL = YES;
				CLANG_ANALYZER_NUMBER_OBJECT_CONVERSION = YES_AGGRESSIVE;
				CLANG_CXX_LANGUAGE_STANDARD = "gnu++0x";
				CLANG_CXX_LIBRARY = "libc++";
				CLANG_ENABLE_MODULES = YES;
				CLANG_ENABLE_OBJC_ARC = YES;
				CLANG_WARN_BOOL_CONVERSION = YES;
				CLANG_WARN_CONSTANT_CONVERSION = YES;
				CLANG_WARN_DIRECT_OBJC_ISA_USAGE = YES_ERROR;
				CLANG_WARN_DOCUMENTATION_COMMENTS = YES;
				CLANG_WARN_EMPTY_BODY = YES;
				CLANG_WARN_ENUM_CONVERSION = YES;
				CLANG_WARN_INFINITE_RECURSION = YES;
				CLANG_WARN_INT_CONVERSION = YES;
				CLANG_WARN_OBJC_ROOT_CLASS = YES_ERROR;
				CLANG_WARN_SUSPICIOUS_MOVE = YES;
				CLANG_WARN_UNREACHABLE_CODE = YES;
				CLANG_WARN__DUPLICATE_METHOD_MATCH = YES;
				"CODE_SIGN_IDENTITY[sdk=iphoneos*]" = "iPhone Developer";
				COPY_PHASE_STRIP = NO;
				DEBUG_INFORMATION_FORMAT = dwarf;
				ENABLE_STRICT_OBJC_MSGSEND = YES;
				ENABLE_TESTABILITY = YES;
				GCC_C_LANGUAGE_STANDARD = gnu99;
				GCC_DYNAMIC_NO_PIC = NO;
				GCC_NO_COMMON_BLOCKS = YES;
				GCC_OPTIMIZATION_LEVEL = 0;
				GCC_PREPROCESSOR_DEFINITIONS = (
					"DEBUG=1",
					"$(inherited)",
				);
				GCC_WARN_64_TO_32_BIT_CONVERSION = YES;
				GCC_WARN_ABOUT_RETURN_TYPE = YES_ERROR;
				GCC_WARN_UNDECLARED_SELECTOR = YES;
				GCC_WARN_UNINITIALIZED_AUTOS = YES_AGGRESSIVE;
				GCC_WARN_UNUSED_FUNCTION = YES;
				GCC_WARN_UNUSED_VARIABLE = YES;
				IPHONEOS_DEPLOYMENT_TARGET = 10.3;
				MTL_ENABLE_DEBUG_INFO = YES;
				ONLY_ACTIVE_ARCH = YES;
				SDKROOT = iphoneos;
				TARGETED_DEVICE_FAMILY = "1,2";
			};
			name = Debug;
		};
		53AEBE2D1E948A2500280F70 /* Release */ = {
			isa = XCBuildConfiguration;
			buildSettings = {
				ALWAYS_SEARCH_USER_PATHS = NO;
				CLANG_ANALYZER_NONNULL = YES;
				CLANG_ANALYZER_NUMBER_OBJECT_CONVERSION = YES_AGGRESSIVE;
				CLANG_CXX_LANGUAGE_STANDARD = "gnu++0x";
				CLANG_CXX_LIBRARY = "libc++";
				CLANG_ENABLE_MODULES = YES;
				CLANG_ENABLE_OBJC_ARC = YES;
				CLANG_WARN_BOOL_CONVERSION = YES;
				CLANG_WARN_CONSTANT_CONVERSION = YES;
				CLANG_WARN_DIRECT_OBJC_ISA_USAGE = YES_ERROR;
				CLANG_WARN_DOCUMENTATION_COMMENTS = YES;
				CLANG_WARN_EMPTY_BODY = YES;
				CLANG_WARN_ENUM_CONVERSION = YES;
				CLANG_WARN_INFINITE_RECURSION = YES;
				CLANG_WARN_INT_CONVERSION = YES;
				CLANG_WARN_OBJC_ROOT_CLASS = YES_ERROR;
				CLANG_WARN_SUSPICIOUS_MOVE = YES;
				CLANG_WARN_UNREACHABLE_CODE = YES;
				CLANG_WARN__DUPLICATE_METHOD_MATCH = YES;
				"CODE_SIGN_IDENTITY[sdk=iphoneos*]" = "iPhone Developer";
				COPY_PHASE_STRIP = NO;
				DEBUG_INFORMATION_FORMAT = "dwarf-with-dsym";
				ENABLE_NS_ASSERTIONS = NO;
				ENABLE_STRICT_OBJC_MSGSEND = YES;
				GCC_C_LANGUAGE_STANDARD = gnu99;
				GCC_NO_COMMON_BLOCKS = YES;
				GCC_WARN_64_TO_32_BIT_CONVERSION = YES;
				GCC_WARN_ABOUT_RETURN_TYPE = YES_ERROR;
				GCC_WARN_UNDECLARED_SELECTOR = YES;
				GCC_WARN_UNINITIALIZED_AUTOS = YES_AGGRESSIVE;
				GCC_WARN_UNUSED_FUNCTION = YES;
				GCC_WARN_UNUSED_VARIABLE = YES;
				IPHONEOS_DEPLOYMENT_TARGET = 10.3;
				MTL_ENABLE_DEBUG_INFO = NO;
				SDKROOT = iphoneos;
				TARGETED_DEVICE_FAMILY = "1,2";
				VALIDATE_PRODUCT = YES;
			};
			name = Release;
		};
		53AEBE2F1E948A2500280F70 /* Debug */ = {
			isa = XCBuildConfiguration;
			baseConfigurationReference = 199683D136C99C557085109D /* Pods-Supercomments.debug.xcconfig */;
			buildSettings = {
				ASSETCATALOG_COMPILER_APPICON_NAME = AppIcon;
				DEVELOPMENT_TEAM = 23GQX4X34D;
				GCC_PRECOMPILE_PREFIX_HEADER = YES;
				GCC_PREFIX_HEADER = Supercomments/PrefixHeader.pch;
				INFOPLIST_FILE = Supercomments/Info.plist;
				LD_RUNPATH_SEARCH_PATHS = "$(inherited) @executable_path/Frameworks";
				PRODUCT_BUNDLE_IDENTIFIER = com.wangjungang.Supercomments;
				PRODUCT_NAME = "$(TARGET_NAME)";
			};
			name = Debug;
		};
		53AEBE301E948A2500280F70 /* Release */ = {
			isa = XCBuildConfiguration;
			baseConfigurationReference = D994A0AB886A394927602D3A /* Pods-Supercomments.release.xcconfig */;
			buildSettings = {
				ASSETCATALOG_COMPILER_APPICON_NAME = AppIcon;
				DEVELOPMENT_TEAM = 23GQX4X34D;
				GCC_PRECOMPILE_PREFIX_HEADER = YES;
				GCC_PREFIX_HEADER = Supercomments/PrefixHeader.pch;
				INFOPLIST_FILE = Supercomments/Info.plist;
				LD_RUNPATH_SEARCH_PATHS = "$(inherited) @executable_path/Frameworks";
				PRODUCT_BUNDLE_IDENTIFIER = com.wangjungang.Supercomments;
				PRODUCT_NAME = "$(TARGET_NAME)";
			};
			name = Release;
		};
/* End XCBuildConfiguration section */

/* Begin XCConfigurationList section */
		53AEBE121E948A2500280F70 /* Build configuration list for PBXProject "Supercomments" */ = {
			isa = XCConfigurationList;
			buildConfigurations = (
				53AEBE2C1E948A2500280F70 /* Debug */,
				53AEBE2D1E948A2500280F70 /* Release */,
			);
			defaultConfigurationIsVisible = 0;
			defaultConfigurationName = Release;
		};
		53AEBE2E1E948A2500280F70 /* Build configuration list for PBXNativeTarget "Supercomments" */ = {
			isa = XCConfigurationList;
			buildConfigurations = (
				53AEBE2F1E948A2500280F70 /* Debug */,
				53AEBE301E948A2500280F70 /* Release */,
			);
			defaultConfigurationIsVisible = 0;
			defaultConfigurationName = Release;
		};
/* End XCConfigurationList section */
	};
	rootObject = 53AEBE0F1E948A2500280F70 /* Project object */;
}
